
Microsoft Visual Studio Solution File, Format Version 12.00
# Visual Studio Version 16
VisualStudioVersion = 16.0.30611.23
MinimumVisualStudioVersion = 10.0.40219.1
Project("{FAE04EC0-301F-11D3-BF4B-00C04F79EFBC}") = "aliyun-tablestore-sdk", "sdk\aliyun-tablestore-sdk.csproj", "{AB5EFCA2-53A9-42B5-861E-3FD6F865036B}"
EndProject
Project("{FAE04EC0-301F-11D3-BF4B-00C04F79EFBC}") = "aliyun-tablestore-sdk-test", "test\aliyun-tablestore-sdk-test.csproj", "{F30E0874-399A-4FBD-B72B-74EE36B31AF6}"
EndProject
Project("{FAE04EC0-301F-11D3-BF4B-00C04F79EFBC}") = "aliyun-tablestore-sdk-sample", "sample\aliyun-tablestore-sdk-sample.csproj", "{D151C869-BC8F-4465-9460-5103A25D21E9}"
EndProject
Project("{9A19103F-16F7-4668-BE54-9A1E7A4F7556}") = "aliyun-tablestore-netstandard-sdk", "netstandard-sdk\aliyun-tablestore-netstandard-sdk.csproj", "{9D75067C-1B14-45BC-94C4-8DB2ED5EEF93}"
EndProject
Project("{9A19103F-16F7-4668-BE54-9A1E7A4F7556}") = "aliyun-tablestore-netcore-sdk-sample", "netcore-sample\aliyun-tablestore-netcore-sdk-sample.csproj", "{4E840B62-46EE-49DC-B140-43884CAAF4CF}"
EndProject
Global
	GlobalSection(SolutionConfigurationPlatforms) = preSolution
		Debug|Any CPU = Debug|Any CPU
		Release|Any CPU = Release|Any CPU
	EndGlobalSection
	GlobalSection(ProjectConfigurationPlatforms) = postSolution
		{AB5EFCA2-53A9-42B5-861E-3FD6F865036B}.Debug|Any CPU.ActiveCfg = Debug|Any CPU
		{AB5EFCA2-53A9-42B5-861E-3FD6F865036B}.Debug|Any CPU.Build.0 = Debug|Any CPU
		{AB5EFCA2-53A9-42B5-861E-3FD6F865036B}.Release|Any CPU.ActiveCfg = Release|Any CPU
		{AB5EFCA2-53A9-42B5-861E-3FD6F865036B}.Release|Any CPU.Build.0 = Release|Any CPU
		{F30E0874-399A-4FBD-B72B-74EE36B31AF6}.Debug|Any CPU.ActiveCfg = Debug|Any CPU
		{F30E0874-399A-4FBD-B72B-74EE36B31AF6}.Debug|Any CPU.Build.0 = Debug|Any CPU
		{F30E0874-399A-4FBD-B72B-74EE36B31AF6}.Release|Any CPU.ActiveCfg = Release|Any CPU
		{F30E0874-399A-4FBD-B72B-74EE36B31AF6}.Release|Any CPU.Build.0 = Release|Any CPU
		{D151C869-BC8F-4465-9460-5103A25D21E9}.Debug|Any CPU.ActiveCfg = Debug|Any CPU
		{D151C869-BC8F-4465-9460-5103A25D21E9}.Debug|Any CPU.Build.0 = Debug|Any CPU
		{D151C869-BC8F-4465-9460-5103A25D21E9}.Release|Any CPU.ActiveCfg = Release|Any CPU
		{D151C869-BC8F-4465-9460-5103A25D21E9}.Release|Any CPU.Build.0 = Release|Any CPU
		{9D75067C-1B14-45BC-94C4-8DB2ED5EEF93}.Debug|Any CPU.ActiveCfg = Release|Any CPU
		{9D75067C-1B14-45BC-94C4-8DB2ED5EEF93}.Debug|Any CPU.Build.0 = Release|Any CPU
		{9D75067C-1B14-45BC-94C4-8DB2ED5EEF93}.Release|Any CPU.ActiveCfg = Release|Any CPU
		{9D75067C-1B14-45BC-94C4-8DB2ED5EEF93}.Release|Any CPU.Build.0 = Release|Any CPU
		{4E840B62-46EE-49DC-B140-43884CAAF4CF}.Debug|Any CPU.ActiveCfg = Debug|Any CPU
		{4E840B62-46EE-49DC-B140-43884CAAF4CF}.Debug|Any CPU.Build.0 = Debug|Any CPU
		{4E840B62-46EE-49DC-B140-43884CAAF4CF}.Release|Any CPU.ActiveCfg = Release|Any CPU
		{4E840B62-46EE-49DC-B140-43884CAAF4CF}.Release|Any CPU.Build.0 = Release|Any CPU
	EndGlobalSection
	GlobalSection(SolutionProperties) = preSolution
		HideSolutionNode = FALSE
	EndGlobalSection
	GlobalSection(ExtensibilityGlobals) = postSolution
		SolutionGuid = {9E3B6113-EAB1-4E91-9D47-ADB022C414DC}
	EndGlobalSection
EndGlobal
